
Microsoft Visual Studio Solution File, Format Version 12.00
# Visual Studio Version 16
VisualStudioVersion = 16.0.32126.315
MinimumVisualStudioVersion = 10.0.40219.1
Project("{9A19103F-16F7-4668-BE54-9A1E7A4F7556}") = "ConsoleApp4", "ConsoleApp4.csproj", "{77B64F58-85A9-4E25-B717-2A90E5B40130}"
EndProject
Global
	GlobalSection(SolutionConfigurationPlatforms) = preSolution
		Debug|Any CPU = Debug|Any CPU
		Release|Any CPU = Release|Any CPU
	EndGlobalSection
	GlobalSection(ProjectConfigurationPlatforms) = postSolution
		{77B64F58-85A9-4E25-B717-2A90E5B40130}.Debug|Any CPU.ActiveCfg = Debug|Any CPU
		{77B64F58-85A9-4E25-B717-2A90E5B40130}.Debug|Any CPU.Build.0 = Debug|Any CPU
		{77B64F58-85A9-4E25-B717-2A90E5B40130}.Release|Any CPU.ActiveCfg = Release|Any CPU
		{77B64F58-85A9-4E25-B717-2A90E5B40130}.Release|Any CPU.Build.0 = Release|Any CPU
	EndGlobalSection
	GlobalSection(SolutionProperties) = preSolution
		HideSolutionNode = FALSE
	EndGlobalSection
	GlobalSection(ExtensibilityGlobals) = postSolution
		SolutionGuid = {3FE87DE3-DB28-4450-BFB8-B798F4B7B897}
	EndGlobalSection
EndGlobal
